
Microsoft Visual Studio Solution File, Format Version 12.00
# Visual Studio Version 17
VisualStudioVersion = 17.4.33110.190
MinimumVisualStudioVersion = 10.0.40219.1
Project("{FAE04EC0-301F-11D3-BF4B-00C04F79EFBC}") = "MusicPlayerConsole", "MusicPlayerConsole\MusicPlayerConsole.csproj", "{EBBB6B0F-A0CF-4F14-9B31-AE78C7A4C636}"
EndProject
Global
	GlobalSection(SolutionConfigurationPlatforms) = preSolution
		Debug|Any CPU = Debug|Any CPU
		Release|Any CPU = Release|Any CPU
	EndGlobalSection
	GlobalSection(ProjectConfigurationPlatforms) = postSolution
		{EBBB6B0F-A0CF-4F14-9B31-AE78C7A4C636}.Debug|Any CPU.ActiveCfg = Debug|Any CPU
		{EBBB6B0F-A0CF-4F14-9B31-AE78C7A4C636}.Debug|Any CPU.Build.0 = Debug|Any CPU
		{EBBB6B0F-A0CF-4F14-9B31-AE78C7A4C636}.Release|Any CPU.ActiveCfg = Release|Any CPU
		{EBBB6B0F-A0CF-4F14-9B31-AE78C7A4C636}.Release|Any CPU.Build.0 = Release|Any CPU
	EndGlobalSection
	GlobalSection(SolutionProperties) = preSolution
		HideSolutionNode = FALSE
	EndGlobalSection
	GlobalSection(ExtensibilityGlobals) = postSolution
		SolutionGuid = {5B5B2B89-E96D-4E4E-8500-077FC16A4EEF}
	EndGlobalSection
EndGlobal
